// !$*UTF8*$!
{
	archiveVersion = 1;
	classes = {
	};
	objectVersion = 46;
	objects = {

/* Begin PBXBuildFile section */
		814C3ACA1B69877600E307BB /* Main.storyboard in Resources */ = {isa = PBXBuildFile; fileRef = 814C3AC61B69877600E307BB /* Main.storyboard */; };
		814C3ACB1B69877600E307BB /* Images.xcassets in Resources */ = {isa = PBXBuildFile; fileRef = 814C3AC81B69877600E307BB /* Images.xcassets */; };
		81BA814B1A49DA1800E65899 /* AppDelegate.swift in Sources */ = {isa = PBXBuildFile; fileRef = 81BA814A1A49DA1800E65899 /* AppDelegate.swift */; };
		81BA814D1A49DA1800E65899 /* UserViewController.swift in Sources */ = {isa = PBXBuildFile; fileRef = 81BA814C1A49DA1800E65899 /* UserViewController.swift */; };
		81BA81701A49DB6800E65899 /* Bolts.framework in Frameworks */ = {isa = PBXBuildFile; fileRef = 81BA816B1A49DB6800E65899 /* Bolts.framework */; };
		81BA81711A49DB6800E65899 /* Parse.framework in Frameworks */ = {isa = PBXBuildFile; fileRef = 81BA816C1A49DB6800E65899 /* Parse.framework */; };
		81BA81771A49E0D500E65899 /* libsqlite3.dylib in Frameworks */ = {isa = PBXBuildFile; fileRef = 81BA81761A49E0D500E65899 /* libsqlite3.dylib */; };
		81BA81791A49E0DB00E65899 /* AudioToolbox.framework in Frameworks */ = {isa = PBXBuildFile; fileRef = 81BA81781A49E0DB00E65899 /* AudioToolbox.framework */; };
		81BA817B1A49E0E500E65899 /* SystemConfiguration.framework in Frameworks */ = {isa = PBXBuildFile; fileRef = 81BA817A1A49E0E500E65899 /* SystemConfiguration.framework */; };
		81BA817F1A49E0F000E65899 /* libstdc++.6.dylib in Frameworks */ = {isa = PBXBuildFile; fileRef = 81BA817E1A49E0F000E65899 /* libstdc++.6.dylib */; };
		E30520A21C5047E100FB5CBB /* User.swift in Sources */ = {isa = PBXBuildFile; fileRef = E30520A11C5047E100FB5CBB /* User.swift */; };
		E30520A41C505E0C00FB5CBB /* Household.swift in Sources */ = {isa = PBXBuildFile; fileRef = E30520A31C505E0C00FB5CBB /* Household.swift */; };
		E30520A61C5063D000FB5CBB /* Chore.swift in Sources */ = {isa = PBXBuildFile; fileRef = E30520A51C5063D000FB5CBB /* Chore.swift */; };
		E30520A81C5063D900FB5CBB /* Activity.swift in Sources */ = {isa = PBXBuildFile; fileRef = E30520A71C5063D900FB5CBB /* Activity.swift */; };
		E33EBA921C66DA9200355068 /* check.png in Resources */ = {isa = PBXBuildFile; fileRef = E33EBA8E1C66DA9200355068 /* check.png */; };
		E33EBA931C66DA9200355068 /* score1.png in Resources */ = {isa = PBXBuildFile; fileRef = E33EBA8F1C66DA9200355068 /* score1.png */; };
		E33EBA941C66DA9200355068 /* score3.png in Resources */ = {isa = PBXBuildFile; fileRef = E33EBA901C66DA9200355068 /* score3.png */; };
		E33EBA951C66DA9200355068 /* score5.png in Resources */ = {isa = PBXBuildFile; fileRef = E33EBA911C66DA9200355068 /* score5.png */; };
		E33EBAA31C66E0F700355068 /* frame1.png in Resources */ = {isa = PBXBuildFile; fileRef = E33EBA961C66E0F700355068 /* frame1.png */; };
		E33EBAA41C66E0F700355068 /* frame2.png in Resources */ = {isa = PBXBuildFile; fileRef = E33EBA971C66E0F700355068 /* frame2.png */; };
		E33EBAA51C66E0F700355068 /* frame3.png in Resources */ = {isa = PBXBuildFile; fileRef = E33EBA981C66E0F700355068 /* frame3.png */; };
		E33EBAA61C66E0F700355068 /* frame4.png in Resources */ = {isa = PBXBuildFile; fileRef = E33EBA991C66E0F700355068 /* frame4.png */; };
		E33EBAA71C66E0F700355068 /* frame5.png in Resources */ = {isa = PBXBuildFile; fileRef = E33EBA9A1C66E0F700355068 /* frame5.png */; };
		E33EBAA81C66E0F700355068 /* frame6.png in Resources */ = {isa = PBXBuildFile; fileRef = E33EBA9B1C66E0F700355068 /* frame6.png */; };
		E33EBAA91C66E0F700355068 /* frame7.png in Resources */ = {isa = PBXBuildFile; fileRef = E33EBA9C1C66E0F700355068 /* frame7.png */; };
		E33EBAAA1C66E0F700355068 /* frame8.png in Resources */ = {isa = PBXBuildFile; fileRef = E33EBA9D1C66E0F700355068 /* frame8.png */; };
		E33EBAAB1C66E0F700355068 /* frame9.png in Resources */ = {isa = PBXBuildFile; fileRef = E33EBA9E1C66E0F700355068 /* frame9.png */; };
		E33EBAAC1C66E0F700355068 /* frame10.png in Resources */ = {isa = PBXBuildFile; fileRef = E33EBA9F1C66E0F700355068 /* frame10.png */; };
		E33EBAAD1C66E0F700355068 /* frame11.png in Resources */ = {isa = PBXBuildFile; fileRef = E33EBAA01C66E0F700355068 /* frame11.png */; };
		E33EBAAE1C66E0F700355068 /* frame12.png in Resources */ = {isa = PBXBuildFile; fileRef = E33EBAA11C66E0F700355068 /* frame12.png */; };
		E33EBAAF1C66E0F700355068 /* frame13.png in Resources */ = {isa = PBXBuildFile; fileRef = E33EBAA21C66E0F700355068 /* frame13.png */; };
		E35658771C485E95007671E2 /* ChoreViewController.swift in Sources */ = {isa = PBXBuildFile; fileRef = E35658761C485E95007671E2 /* ChoreViewController.swift */; };
		E35658791C487171007671E2 /* MainViewController.swift in Sources */ = {isa = PBXBuildFile; fileRef = E35658781C487171007671E2 /* MainViewController.swift */; };
		E3ABFE941C4572CE0094935B /* HouseholdViewController.swift in Sources */ = {isa = PBXBuildFile; fileRef = E3ABFE931C4572CE0094935B /* HouseholdViewController.swift */; };
		E3C209981C4C4BCA00661460 /* MembersTableViewController.swift in Sources */ = {isa = PBXBuildFile; fileRef = E3C209971C4C4BCA00661460 /* MembersTableViewController.swift */; };
		E3C2099A1C4E9C7E00661460 /* InviteViewController.swift in Sources */ = {isa = PBXBuildFile; fileRef = E3C209991C4E9C7E00661460 /* InviteViewController.swift */; };
		E3C2099C1C4EA34100661460 /* ChoresTableViewController.swift in Sources */ = {isa = PBXBuildFile; fileRef = E3C2099B1C4EA34100661460 /* ChoresTableViewController.swift */; };
		E3C2099E1C4EA38200661460 /* ActivitiesTableViewController.swift in Sources */ = {isa = PBXBuildFile; fileRef = E3C2099D1C4EA38200661460 /* ActivitiesTableViewController.swift */; };
		E3C209A21C4F169400661460 /* ToDoCell.swift in Sources */ = {isa = PBXBuildFile; fileRef = E3C209A11C4F169400661460 /* ToDoCell.swift */; };
		E3D1192A1C4F20C30078BC2F /* ActivityCell.swift in Sources */ = {isa = PBXBuildFile; fileRef = E3D119291C4F20C30078BC2F /* ActivityCell.swift */; };
/* End PBXBuildFile section */

/* Begin PBXFileReference section */
		814C3AC71B69877600E307BB /* Base */ = {isa = PBXFileReference; lastKnownFileType = file.storyboard; name = Base; path = Base.lproj/Main.storyboard; sourceTree = "<group>"; };
		814C3AC81B69877600E307BB /* Images.xcassets */ = {isa = PBXFileReference; lastKnownFileType = folder.assetcatalog; path = Images.xcassets; sourceTree = "<group>"; };
		814C3AC91B69877600E307BB /* Info.plist */ = {isa = PBXFileReference; fileEncoding = 4; lastKnownFileType = text.plist.xml; path = Info.plist; sourceTree = "<group>"; };
		81BA81451A49DA1800E65899 /* Chore Balance.app */ = {isa = PBXFileReference; explicitFileType = wrapper.application; includeInIndex = 0; path = "Chore Balance.app"; sourceTree = BUILT_PRODUCTS_DIR; };
		81BA814A1A49DA1800E65899 /* AppDelegate.swift */ = {isa = PBXFileReference; lastKnownFileType = sourcecode.swift; path = AppDelegate.swift; sourceTree = "<group>"; };
		81BA814C1A49DA1800E65899 /* UserViewController.swift */ = {isa = PBXFileReference; lastKnownFileType = sourcecode.swift; path = UserViewController.swift; sourceTree = "<group>"; };
		81BA816B1A49DB6800E65899 /* Bolts.framework */ = {isa = PBXFileReference; lastKnownFileType = wrapper.framework; path = Bolts.framework; sourceTree = "<group>"; };
		81BA816C1A49DB6800E65899 /* Parse.framework */ = {isa = PBXFileReference; lastKnownFileType = wrapper.framework; path = Parse.framework; sourceTree = "<group>"; };
		81BA816E1A49DB6800E65899 /* ParseFacebookUtils.framework */ = {isa = PBXFileReference; lastKnownFileType = wrapper.framework; path = ParseFacebookUtils.framework; sourceTree = "<group>"; };
		81BA81761A49E0D500E65899 /* libsqlite3.dylib */ = {isa = PBXFileReference; lastKnownFileType = "compiled.mach-o.dylib"; name = libsqlite3.dylib; path = usr/lib/libsqlite3.dylib; sourceTree = SDKROOT; };
		81BA81781A49E0DB00E65899 /* AudioToolbox.framework */ = {isa = PBXFileReference; lastKnownFileType = wrapper.framework; name = AudioToolbox.framework; path = System/Library/Frameworks/AudioToolbox.framework; sourceTree = SDKROOT; };
		81BA817A1A49E0E500E65899 /* SystemConfiguration.framework */ = {isa = PBXFileReference; lastKnownFileType = wrapper.framework; name = SystemConfiguration.framework; path = System/Library/Frameworks/SystemConfiguration.framework; sourceTree = SDKROOT; };
		81BA817E1A49E0F000E65899 /* libstdc++.6.dylib */ = {isa = PBXFileReference; lastKnownFileType = "compiled.mach-o.dylib"; name = "libstdc++.6.dylib"; path = "usr/lib/libstdc++.6.dylib"; sourceTree = SDKROOT; };
		81BA81801A49E10C00E65899 /* ParseUI.framework */ = {isa = PBXFileReference; lastKnownFileType = wrapper.framework; path = ParseUI.framework; sourceTree = "<group>"; };
		E30520A11C5047E100FB5CBB /* User.swift */ = {isa = PBXFileReference; fileEncoding = 4; lastKnownFileType = sourcecode.swift; path = User.swift; sourceTree = "<group>"; };
		E30520A31C505E0C00FB5CBB /* Household.swift */ = {isa = PBXFileReference; fileEncoding = 4; lastKnownFileType = sourcecode.swift; path = Household.swift; sourceTree = "<group>"; };
		E30520A51C5063D000FB5CBB /* Chore.swift */ = {isa = PBXFileReference; fileEncoding = 4; lastKnownFileType = sourcecode.swift; path = Chore.swift; sourceTree = "<group>"; };
		E30520A71C5063D900FB5CBB /* Activity.swift */ = {isa = PBXFileReference; fileEncoding = 4; lastKnownFileType = sourcecode.swift; path = Activity.swift; sourceTree = "<group>"; };
		E33EBA8E1C66DA9200355068 /* check.png */ = {isa = PBXFileReference; lastKnownFileType = image.png; path = check.png; sourceTree = "<group>"; };
		E33EBA8F1C66DA9200355068 /* score1.png */ = {isa = PBXFileReference; lastKnownFileType = image.png; path = score1.png; sourceTree = "<group>"; };
		E33EBA901C66DA9200355068 /* score3.png */ = {isa = PBXFileReference; lastKnownFileType = image.png; path = score3.png; sourceTree = "<group>"; };
		E33EBA911C66DA9200355068 /* score5.png */ = {isa = PBXFileReference; lastKnownFileType = image.png; path = score5.png; sourceTree = "<group>"; };
		E33EBA961C66E0F700355068 /* frame1.png */ = {isa = PBXFileReference; lastKnownFileType = image.png; path = frame1.png; sourceTree = "<group>"; };
		E33EBA971C66E0F700355068 /* frame2.png */ = {isa = PBXFileReference; lastKnownFileType = image.png; path = frame2.png; sourceTree = "<group>"; };
		E33EBA981C66E0F700355068 /* frame3.png */ = {isa = PBXFileReference; lastKnownFileType = image.png; path = frame3.png; sourceTree = "<group>"; };
		E33EBA991C66E0F700355068 /* frame4.png */ = {isa = PBXFileReference; lastKnownFileType = image.png; path = frame4.png; sourceTree = "<group>"; };
		E33EBA9A1C66E0F700355068 /* frame5.png */ = {isa = PBXFileReference; lastKnownFileType = image.png; path = frame5.png; sourceTree = "<group>"; };
		E33EBA9B1C66E0F700355068 /* frame6.png */ = {isa = PBXFileReference; lastKnownFileType = image.png; path = frame6.png; sourceTree = "<group>"; };
		E33EBA9C1C66E0F700355068 /* frame7.png */ = {isa = PBXFileReference; lastKnownFileType = image.png; path = frame7.png; sourceTree = "<group>"; };
		E33EBA9D1C66E0F700355068 /* frame8.png */ = {isa = PBXFileReference; lastKnownFileType = image.png; path = frame8.png; sourceTree = "<group>"; };
		E33EBA9E1C66E0F700355068 /* frame9.png */ = {isa = PBXFileReference; lastKnownFileType = image.png; path = frame9.png; sourceTree = "<group>"; };
		E33EBA9F1C66E0F700355068 /* frame10.png */ = {isa = PBXFileReference; lastKnownFileType = image.png; path = frame10.png; sourceTree = "<group>"; };
		E33EBAA01C66E0F700355068 /* frame11.png */ = {isa = PBXFileReference; lastKnownFileType = image.png; path = frame11.png; sourceTree = "<group>"; };
		E33EBAA11C66E0F700355068 /* frame12.png */ = {isa = PBXFileReference; lastKnownFileType = image.png; path = frame12.png; sourceTree = "<group>"; };
		E33EBAA21C66E0F700355068 /* frame13.png */ = {isa = PBXFileReference; lastKnownFileType = image.png; path = frame13.png; sourceTree = "<group>"; };
		E35658761C485E95007671E2 /* ChoreViewController.swift */ = {isa = PBXFileReference; fileEncoding = 4; lastKnownFileType = sourcecode.swift; path = ChoreViewController.swift; sourceTree = "<group>"; };
		E35658781C487171007671E2 /* MainViewController.swift */ = {isa = PBXFileReference; fileEncoding = 4; lastKnownFileType = sourcecode.swift; path = MainViewController.swift; sourceTree = "<group>"; };
		E3ABFE931C4572CE0094935B /* HouseholdViewController.swift */ = {isa = PBXFileReference; fileEncoding = 4; lastKnownFileType = sourcecode.swift; path = HouseholdViewController.swift; sourceTree = "<group>"; };
		E3C209971C4C4BCA00661460 /* MembersTableViewController.swift */ = {isa = PBXFileReference; fileEncoding = 4; lastKnownFileType = sourcecode.swift; path = MembersTableViewController.swift; sourceTree = "<group>"; };
		E3C209991C4E9C7E00661460 /* InviteViewController.swift */ = {isa = PBXFileReference; fileEncoding = 4; lastKnownFileType = sourcecode.swift; path = InviteViewController.swift; sourceTree = "<group>"; };
		E3C2099B1C4EA34100661460 /* ChoresTableViewController.swift */ = {isa = PBXFileReference; fileEncoding = 4; lastKnownFileType = sourcecode.swift; path = ChoresTableViewController.swift; sourceTree = "<group>"; };
		E3C2099D1C4EA38200661460 /* ActivitiesTableViewController.swift */ = {isa = PBXFileReference; fileEncoding = 4; lastKnownFileType = sourcecode.swift; path = ActivitiesTableViewController.swift; sourceTree = "<group>"; };
		E3C209A11C4F169400661460 /* ToDoCell.swift */ = {isa = PBXFileReference; fileEncoding = 4; lastKnownFileType = sourcecode.swift; path = ToDoCell.swift; sourceTree = "<group>"; };
		E3CC055A1C53EE7E00AEC89C /* Chore-Balance-Bridging-Header.h */ = {isa = PBXFileReference; fileEncoding = 4; lastKnownFileType = sourcecode.c.h; path = "Chore-Balance-Bridging-Header.h"; sourceTree = "<group>"; };
		E3D119291C4F20C30078BC2F /* ActivityCell.swift */ = {isa = PBXFileReference; fileEncoding = 4; lastKnownFileType = sourcecode.swift; path = ActivityCell.swift; sourceTree = "<group>"; };
/* End PBXFileReference section */

/* Begin PBXFrameworksBuildPhase section */
		81BA81421A49DA1800E65899 /* Frameworks */ = {
			isa = PBXFrameworksBuildPhase;
			buildActionMask = 2147483647;
			files = (
				81BA817F1A49E0F000E65899 /* libstdc++.6.dylib in Frameworks */,
				81BA817B1A49E0E500E65899 /* SystemConfiguration.framework in Frameworks */,
				81BA81791A49E0DB00E65899 /* AudioToolbox.framework in Frameworks */,
				81BA81771A49E0D500E65899 /* libsqlite3.dylib in Frameworks */,
				81BA81711A49DB6800E65899 /* Parse.framework in Frameworks */,
				81BA81701A49DB6800E65899 /* Bolts.framework in Frameworks */,
			);
			runOnlyForDeploymentPostprocessing = 0;
		};
/* End PBXFrameworksBuildPhase section */

/* Begin PBXGroup section */
		814C3AC51B69877600E307BB /* Resources */ = {
			isa = PBXGroup;
			children = (
				814C3AC81B69877600E307BB /* Images.xcassets */,
				814C3AC91B69877600E307BB /* Info.plist */,
				E33EBA8E1C66DA9200355068 /* check.png */,
				E33EBA8F1C66DA9200355068 /* score1.png */,
				E33EBA901C66DA9200355068 /* score3.png */,
				E33EBA911C66DA9200355068 /* score5.png */,
				E33EBA961C66E0F700355068 /* frame1.png */,
				E33EBA971C66E0F700355068 /* frame2.png */,
				E33EBA981C66E0F700355068 /* frame3.png */,
				E33EBA991C66E0F700355068 /* frame4.png */,
				E33EBA9A1C66E0F700355068 /* frame5.png */,
				E33EBA9B1C66E0F700355068 /* frame6.png */,
				E33EBA9C1C66E0F700355068 /* frame7.png */,
				E33EBA9D1C66E0F700355068 /* frame8.png */,
				E33EBA9E1C66E0F700355068 /* frame9.png */,
				E33EBA9F1C66E0F700355068 /* frame10.png */,
				E33EBAA01C66E0F700355068 /* frame11.png */,
				E33EBAA11C66E0F700355068 /* frame12.png */,
				E33EBAA21C66E0F700355068 /* frame13.png */,
			);
			path = Resources;
			sourceTree = "<group>";
		};
		81BA813C1A49DA1800E65899 = {
			isa = PBXGroup;
			children = (
				81BA81471A49DA1800E65899 /* Chore Balance */,
				814C3AC51B69877600E307BB /* Resources */,
				81BA816A1A49DB5600E65899 /* Frameworks */,
				81BA81461A49DA1800E65899 /* Products */,
			);
			sourceTree = "<group>";
		};
		81BA81461A49DA1800E65899 /* Products */ = {
			isa = PBXGroup;
			children = (
				81BA81451A49DA1800E65899 /* Chore Balance.app */,
			);
			name = Products;
			sourceTree = "<group>";
		};
		81BA81471A49DA1800E65899 /* Chore Balance */ = {
			isa = PBXGroup;
			children = (
				E3CC055A1C53EE7E00AEC89C /* Chore-Balance-Bridging-Header.h */,
				814C3AC61B69877600E307BB /* Main.storyboard */,
				E35E49101C4FE164009EA4EA /* Delegate */,
				E35E490F1C4FE142009EA4EA /* Controller */,
				E35E49111C4FE180009EA4EA /* View */,
				E35E490E1C4FE13C009EA4EA /* Model */,
			);
			name = "Chore Balance";
			path = ParseStarterProject;
			sourceTree = "<group>";
		};
		81BA816A1A49DB5600E65899 /* Frameworks */ = {
			isa = PBXGroup;
			children = (
				81BA816B1A49DB6800E65899 /* Bolts.framework */,
				81BA816C1A49DB6800E65899 /* Parse.framework */,
				81BA816E1A49DB6800E65899 /* ParseFacebookUtils.framework */,
				81BA81801A49E10C00E65899 /* ParseUI.framework */,
				81BA81751A49E0C500E65899 /* System Frameworks */,
			);
			name = Frameworks;
			sourceTree = "<group>";
		};
		81BA81751A49E0C500E65899 /* System Frameworks */ = {
			isa = PBXGroup;
			children = (
				81BA817E1A49E0F000E65899 /* libstdc++.6.dylib */,
				81BA817A1A49E0E500E65899 /* SystemConfiguration.framework */,
				81BA81781A49E0DB00E65899 /* AudioToolbox.framework */,
				81BA81761A49E0D500E65899 /* libsqlite3.dylib */,
			);
			name = "System Frameworks";
			sourceTree = "<group>";
		};
		E35E490E1C4FE13C009EA4EA /* Model */ = {
			isa = PBXGroup;
			children = (
				E30520A11C5047E100FB5CBB /* User.swift */,
				E30520A31C505E0C00FB5CBB /* Household.swift */,
				E30520A51C5063D000FB5CBB /* Chore.swift */,
				E30520A71C5063D900FB5CBB /* Activity.swift */,
			);
			name = Model;
			sourceTree = "<group>";
		};
		E35E490F1C4FE142009EA4EA /* Controller */ = {
			isa = PBXGroup;
			children = (
				81BA814C1A49DA1800E65899 /* UserViewController.swift */,
				E3ABFE931C4572CE0094935B /* HouseholdViewController.swift */,
				E35658761C485E95007671E2 /* ChoreViewController.swift */,
				E35658781C487171007671E2 /* MainViewController.swift */,
				E3C209971C4C4BCA00661460 /* MembersTableViewController.swift */,
				E3C209991C4E9C7E00661460 /* InviteViewController.swift */,
				E3C2099B1C4EA34100661460 /* ChoresTableViewController.swift */,
				E3C2099D1C4EA38200661460 /* ActivitiesTableViewController.swift */,
			);
			name = Controller;
			sourceTree = "<group>";
		};
		E35E49101C4FE164009EA4EA /* Delegate */ = {
			isa = PBXGroup;
			children = (
				81BA814A1A49DA1800E65899 /* AppDelegate.swift */,
			);
			name = Delegate;
			sourceTree = "<group>";
		};
		E35E49111C4FE180009EA4EA /* View */ = {
			isa = PBXGroup;
			children = (
				E3C209A11C4F169400661460 /* ToDoCell.swift */,
				E3D119291C4F20C30078BC2F /* ActivityCell.swift */,
			);
			name = View;
			sourceTree = "<group>";
		};
/* End PBXGroup section */

/* Begin PBXNativeTarget section */
		81BA81441A49DA1800E65899 /* Chore Balance */ = {
			isa = PBXNativeTarget;
			buildConfigurationList = 81BA81641A49DA1800E65899 /* Build configuration list for PBXNativeTarget "Chore Balance" */;
			buildPhases = (
				81BA81411A49DA1800E65899 /* Sources */,
				81BA81421A49DA1800E65899 /* Frameworks */,
				81BA81431A49DA1800E65899 /* Resources */,
			);
			buildRules = (
			);
			dependencies = (
			);
			name = "Chore Balance";
			productName = ParseStarterProject;
			productReference = 81BA81451A49DA1800E65899 /* Chore Balance.app */;
			productType = "com.apple.product-type.application";
		};
/* End PBXNativeTarget section */

/* Begin PBXProject section */
		81BA813D1A49DA1800E65899 /* Project object */ = {
			isa = PBXProject;
			attributes = {
				LastSwiftUpdateCheck = 0700;
				LastUpgradeCheck = 0720;
				ORGANIZATIONNAME = Parse;
				TargetAttributes = {
					81BA81441A49DA1800E65899 = {
						CreatedOnToolsVersion = 6.1.1;
						DevelopmentTeam = TNC57B43W5;
					};
				};
			};
			buildConfigurationList = 81BA81401A49DA1800E65899 /* Build configuration list for PBXProject "Chore Balance" */;
			compatibilityVersion = "Xcode 3.2";
			developmentRegion = English;
			hasScannedForEncodings = 0;
			knownRegions = (
				en,
				Base,
			);
			mainGroup = 81BA813C1A49DA1800E65899;
			productRefGroup = 81BA81461A49DA1800E65899 /* Products */;
			projectDirPath = "";
			projectRoot = "";
			targets = (
				81BA81441A49DA1800E65899 /* Chore Balance */,
			);
		};
/* End PBXProject section */

/* Begin PBXResourcesBuildPhase section */
		81BA81431A49DA1800E65899 /* Resources */ = {
			isa = PBXResourcesBuildPhase;
			buildActionMask = 2147483647;
			files = (
				E33EBAA91C66E0F700355068 /* frame7.png in Resources */,
				E33EBAA61C66E0F700355068 /* frame4.png in Resources */,
				E33EBAAF1C66E0F700355068 /* frame13.png in Resources */,
				E33EBA921C66DA9200355068 /* check.png in Resources */,
				E33EBAA51C66E0F700355068 /* frame3.png in Resources */,
				E33EBAA71C66E0F700355068 /* frame5.png in Resources */,
				E33EBA931C66DA9200355068 /* score1.png in Resources */,
				E33EBAA41C66E0F700355068 /* frame2.png in Resources */,
				E33EBA941C66DA9200355068 /* score3.png in Resources */,
				E33EBA951C66DA9200355068 /* score5.png in Resources */,
				814C3ACA1B69877600E307BB /* Main.storyboard in Resources */,
				E33EBAAC1C66E0F700355068 /* frame10.png in Resources */,
				E33EBAAB1C66E0F700355068 /* frame9.png in Resources */,
				E33EBAA31C66E0F700355068 /* frame1.png in Resources */,
				E33EBAA81C66E0F700355068 /* frame6.png in Resources */,
				E33EBAAA1C66E0F700355068 /* frame8.png in Resources */,
				814C3ACB1B69877600E307BB /* Images.xcassets in Resources */,
				E33EBAAE1C66E0F700355068 /* frame12.png in Resources */,
				E33EBAAD1C66E0F700355068 /* frame11.png in Resources */,
			);
			runOnlyForDeploymentPostprocessing = 0;
		};
/* End PBXResourcesBuildPhase section */

/* Begin PBXSourcesBuildPhase section */
		81BA81411A49DA1800E65899 /* Sources */ = {
			isa = PBXSourcesBuildPhase;
			buildActionMask = 2147483647;
			files = (
				E30520A81C5063D900FB5CBB /* Activity.swift in Sources */,
				E3D1192A1C4F20C30078BC2F /* ActivityCell.swift in Sources */,
				E30520A41C505E0C00FB5CBB /* Household.swift in Sources */,
				81BA814D1A49DA1800E65899 /* UserViewController.swift in Sources */,
				E35658771C485E95007671E2 /* ChoreViewController.swift in Sources */,
				E3ABFE941C4572CE0094935B /* HouseholdViewController.swift in Sources */,
				E3C209A21C4F169400661460 /* ToDoCell.swift in Sources */,
				81BA814B1A49DA1800E65899 /* AppDelegate.swift in Sources */,
				E3C209981C4C4BCA00661460 /* MembersTableViewController.swift in Sources */,
				E3C2099C1C4EA34100661460 /* ChoresTableViewController.swift in Sources */,
				E30520A21C5047E100FB5CBB /* User.swift in Sources */,
				E3C2099E1C4EA38200661460 /* ActivitiesTableViewController.swift in Sources */,
				E30520A61C5063D000FB5CBB /* Chore.swift in Sources */,
				E3C2099A1C4E9C7E00661460 /* InviteViewController.swift in Sources */,
				E35658791C487171007671E2 /* MainViewController.swift in Sources */,
			);
			runOnlyForDeploymentPostprocessing = 0;
		};
/* End PBXSourcesBuildPhase section */

/* Begin PBXVariantGroup section */
		814C3AC61B69877600E307BB /* Main.storyboard */ = {
			isa = PBXVariantGroup;
			children = (
				814C3AC71B69877600E307BB /* Base */,
			);
			name = Main.storyboard;
			path = ../Resources;
			sourceTree = "<group>";
		};
/* End PBXVariantGroup section */

/* Begin XCBuildConfiguration section */
		81BA81621A49DA1800E65899 /* Debug */ = {
			isa = XCBuildConfiguration;
			buildSettings = {
				ALWAYS_SEARCH_USER_PATHS = NO;
				CLANG_CXX_LANGUAGE_STANDARD = "gnu++0x";
				CLANG_CXX_LIBRARY = "libc++";
				CLANG_ENABLE_MODULES = YES;
				CLANG_ENABLE_OBJC_ARC = YES;
				CLANG_WARN_BOOL_CONVERSION = YES;
				CLANG_WARN_CONSTANT_CONVERSION = YES;
				CLANG_WARN_DIRECT_OBJC_ISA_USAGE = YES_ERROR;
				CLANG_WARN_EMPTY_BODY = YES;
				CLANG_WARN_ENUM_CONVERSION = YES;
				CLANG_WARN_INT_CONVERSION = YES;
				CLANG_WARN_OBJC_ROOT_CLASS = YES_ERROR;
				CLANG_WARN_UNREACHABLE_CODE = YES;
				CLANG_WARN__DUPLICATE_METHOD_MATCH = YES;
				"CODE_SIGN_IDENTITY[sdk=iphoneos*]" = "iPhone Developer";
				COPY_PHASE_STRIP = NO;
				ENABLE_STRICT_OBJC_MSGSEND = YES;
				ENABLE_TESTABILITY = YES;
				GCC_C_LANGUAGE_STANDARD = gnu99;
				GCC_DYNAMIC_NO_PIC = NO;
				GCC_OPTIMIZATION_LEVEL = 0;
				GCC_PREPROCESSOR_DEFINITIONS = (
					"DEBUG=1",
					"$(inherited)",
				);
				GCC_SYMBOLS_PRIVATE_EXTERN = NO;
				GCC_WARN_64_TO_32_BIT_CONVERSION = YES;
				GCC_WARN_ABOUT_RETURN_TYPE = YES_ERROR;
				GCC_WARN_UNDECLARED_SELECTOR = YES;
				GCC_WARN_UNINITIALIZED_AUTOS = YES_AGGRESSIVE;
				GCC_WARN_UNUSED_FUNCTION = YES;
				GCC_WARN_UNUSED_VARIABLE = YES;
				IPHONEOS_DEPLOYMENT_TARGET = 8.0;
				MTL_ENABLE_DEBUG_INFO = YES;
				ONLY_ACTIVE_ARCH = YES;
				SDKROOT = iphoneos;
				SWIFT_OPTIMIZATION_LEVEL = "-Onone";
				TARGETED_DEVICE_FAMILY = "1,2";
			};
			name = Debug;
		};
		81BA81631A49DA1800E65899 /* Release */ = {
			isa = XCBuildConfiguration;
			buildSettings = {
				ALWAYS_SEARCH_USER_PATHS = NO;
				CLANG_CXX_LANGUAGE_STANDARD = "gnu++0x";
				CLANG_CXX_LIBRARY = "libc++";
				CLANG_ENABLE_MODULES = YES;
				CLANG_ENABLE_OBJC_ARC = YES;
				CLANG_WARN_BOOL_CONVERSION = YES;
				CLANG_WARN_CONSTANT_CONVERSION = YES;
				CLANG_WARN_DIRECT_OBJC_ISA_USAGE = YES_ERROR;
				CLANG_WARN_EMPTY_BODY = YES;
				CLANG_WARN_ENUM_CONVERSION = YES;
				CLANG_WARN_INT_CONVERSION = YES;
				CLANG_WARN_OBJC_ROOT_CLASS = YES_ERROR;
				CLANG_WARN_UNREACHABLE_CODE = YES;
				CLANG_WARN__DUPLICATE_METHOD_MATCH = YES;
				"CODE_SIGN_IDENTITY[sdk=iphoneos*]" = "iPhone Developer";
				COPY_PHASE_STRIP = YES;
				ENABLE_NS_ASSERTIONS = NO;
				ENABLE_STRICT_OBJC_MSGSEND = YES;
				GCC_C_LANGUAGE_STANDARD = gnu99;
				GCC_WARN_64_TO_32_BIT_CONVERSION = YES;
				GCC_WARN_ABOUT_RETURN_TYPE = YES_ERROR;
				GCC_WARN_UNDECLARED_SELECTOR = YES;
				GCC_WARN_UNINITIALIZED_AUTOS = YES_AGGRESSIVE;
				GCC_WARN_UNUSED_FUNCTION = YES;
				GCC_WARN_UNUSED_VARIABLE = YES;
				IPHONEOS_DEPLOYMENT_TARGET = 8.0;
				MTL_ENABLE_DEBUG_INFO = NO;
				SDKROOT = iphoneos;
				TARGETED_DEVICE_FAMILY = "1,2";
				VALIDATE_PRODUCT = YES;
			};
			name = Release;
		};
		81BA81651A49DA1800E65899 /* Debug */ = {
			isa = XCBuildConfiguration;
			buildSettings = {
				ASSETCATALOG_COMPILER_APPICON_NAME = AppIcon;
				ASSETCATALOG_COMPILER_LAUNCHIMAGE_NAME = LaunchImage;
				CODE_SIGN_IDENTITY = "iPhone Developer";
				"CODE_SIGN_IDENTITY[sdk=iphoneos*]" = "iPhone Developer";
				FRAMEWORK_SEARCH_PATHS = (
					"$(inherited)",
					"$(PROJECT_DIR)",
				);
				INFOPLIST_FILE = Resources/Info.plist;
				IPHONEOS_DEPLOYMENT_TARGET = 8.0;
				LD_RUNPATH_SEARCH_PATHS = "$(inherited) @executable_path/Frameworks";
				PRODUCT_BUNDLE_IDENTIFIER = "com.parse.$(PRODUCT_NAME:rfc1034identifier)";
				PRODUCT_NAME = "Chore Balance";
				PROVISIONING_PROFILE = "";
				TARGETED_DEVICE_FAMILY = 1;
			};
			name = Debug;
		};
		81BA81661A49DA1800E65899 /* Release */ = {
			isa = XCBuildConfiguration;
			buildSettings = {
				ASSETCATALOG_COMPILER_APPICON_NAME = AppIcon;
				ASSETCATALOG_COMPILER_LAUNCHIMAGE_NAME = LaunchImage;
				CODE_SIGN_IDENTITY = "iPhone Developer";
				"CODE_SIGN_IDENTITY[sdk=iphoneos*]" = "iPhone Developer";
				FRAMEWORK_SEARCH_PATHS = (
					"$(inherited)",
					"$(PROJECT_DIR)",
				);
				INFOPLIST_FILE = Resources/Info.plist;
				IPHONEOS_DEPLOYMENT_TARGET = 8.0;
				LD_RUNPATH_SEARCH_PATHS = "$(inherited) @executable_path/Frameworks";
				PRODUCT_BUNDLE_IDENTIFIER = "com.parse.$(PRODUCT_NAME:rfc1034identifier)";
				PRODUCT_NAME = "Chore Balance";
				PROVISIONING_PROFILE = "";
				TARGETED_DEVICE_FAMILY = 1;
			};
			name = Release;
		};
/* End XCBuildConfiguration section */

/* Begin XCConfigurationList section */
		81BA81401A49DA1800E65899 /* Build configuration list for PBXProject "Chore Balance" */ = {
			isa = XCConfigurationList;
			buildConfigurations = (
				81BA81621A49DA1800E65899 /* Debug */,
				81BA81631A49DA1800E65899 /* Release */,
			);
			defaultConfigurationIsVisible = 0;
			defaultConfigurationName = Release;
		};
		81BA81641A49DA1800E65899 /* Build configuration list for PBXNativeTarget "Chore Balance" */ = {
			isa = XCConfigurationList;
			buildConfigurations = (
				81BA81651A49DA1800E65899 /* Debug */,
				81BA81661A49DA1800E65899 /* Release */,
			);
			defaultConfigurationIsVisible = 0;
			defaultConfigurationName = Release;
		};
/* End XCConfigurationList section */
	};
	rootObject = 81BA813D1A49DA1800E65899 /* Project object */;
}
